
Microsoft Visual Studio Solution File, Format Version 11.00
# Visual Studio 2010
Project("{FAE04EC0-301F-11D3-BF4B-00C04F79EFBC}") = "Assembly-CSharp", "Assembly-CSharp.csproj", "{36F71E7D-8E25-C98F-120D-9D86059778F1}"
EndProject
Project("{FAE04EC0-301F-11D3-BF4B-00C04F79EFBC}") = "Assembly-CSharp-Editor", "Assembly-CSharp-Editor.csproj", "{EBFCBAB5-F544-6F6C-C6E7-556AB1613398}"
EndProject
Global
	GlobalSection(SolutionConfigurationPlatforms) = preSolution
		Debug|Any CPU = Debug|Any CPU
		Release|Any CPU = Release|Any CPU
	EndGlobalSection
	GlobalSection(ProjectConfigurationPlatforms) = postSolution
		{36F71E7D-8E25-C98F-120D-9D86059778F1}.Debug|Any CPU.ActiveCfg = Debug|Any CPU
		{36F71E7D-8E25-C98F-120D-9D86059778F1}.Debug|Any CPU.Build.0 = Debug|Any CPU
		{36F71E7D-8E25-C98F-120D-9D86059778F1}.Release|Any CPU.ActiveCfg = Release|Any CPU
		{36F71E7D-8E25-C98F-120D-9D86059778F1}.Release|Any CPU.Build.0 = Release|Any CPU
		{EBFCBAB5-F544-6F6C-C6E7-556AB1613398}.Debug|Any CPU.ActiveCfg = Debug|Any CPU
		{EBFCBAB5-F544-6F6C-C6E7-556AB1613398}.Debug|Any CPU.Build.0 = Debug|Any CPU
		{EBFCBAB5-F544-6F6C-C6E7-556AB1613398}.Release|Any CPU.ActiveCfg = Release|Any CPU
		{EBFCBAB5-F544-6F6C-C6E7-556AB1613398}.Release|Any CPU.Build.0 = Release|Any CPU
	EndGlobalSection
	GlobalSection(SolutionProperties) = preSolution
		HideSolutionNode = FALSE
	EndGlobalSection
EndGlobal
